
Microsoft Visual Studio Solution File, Format Version 12.00
# Visual Studio Version 16
VisualStudioVersion = 16.0.29806.167
MinimumVisualStudioVersion = 10.0.40219.1
Project("{9A19103F-16F7-4668-BE54-9A1E7A4F7556}") = "API", "API\API.csproj", "{EEC9B660-C23D-450A-A888-0711BB75E44D}"
EndProject
Project("{9A19103F-16F7-4668-BE54-9A1E7A4F7556}") = "Data", "Data\Data.csproj", "{7B40605A-9B54-4E6D-8219-C05AEB5117A6}"
EndProject
Project("{9A19103F-16F7-4668-BE54-9A1E7A4F7556}") = "Services", "Services\Services.csproj", "{B52C0B33-FDCE-4AD6-B0D3-AA29F1BDAF7C}"
EndProject
Global
	GlobalSection(SolutionConfigurationPlatforms) = preSolution
		Debug|Any CPU = Debug|Any CPU
		Release|Any CPU = Release|Any CPU
	EndGlobalSection
	GlobalSection(ProjectConfigurationPlatforms) = postSolution
		{EEC9B660-C23D-450A-A888-0711BB75E44D}.Debug|Any CPU.ActiveCfg = Debug|Any CPU
		{EEC9B660-C23D-450A-A888-0711BB75E44D}.Debug|Any CPU.Build.0 = Debug|Any CPU
		{EEC9B660-C23D-450A-A888-0711BB75E44D}.Release|Any CPU.ActiveCfg = Release|Any CPU
		{EEC9B660-C23D-450A-A888-0711BB75E44D}.Release|Any CPU.Build.0 = Release|Any CPU
		{7B40605A-9B54-4E6D-8219-C05AEB5117A6}.Debug|Any CPU.ActiveCfg = Debug|Any CPU
		{7B40605A-9B54-4E6D-8219-C05AEB5117A6}.Debug|Any CPU.Build.0 = Debug|Any CPU
		{7B40605A-9B54-4E6D-8219-C05AEB5117A6}.Release|Any CPU.ActiveCfg = Release|Any CPU
		{7B40605A-9B54-4E6D-8219-C05AEB5117A6}.Release|Any CPU.Build.0 = Release|Any CPU
		{B52C0B33-FDCE-4AD6-B0D3-AA29F1BDAF7C}.Debug|Any CPU.ActiveCfg = Debug|Any CPU
		{B52C0B33-FDCE-4AD6-B0D3-AA29F1BDAF7C}.Debug|Any CPU.Build.0 = Debug|Any CPU
		{B52C0B33-FDCE-4AD6-B0D3-AA29F1BDAF7C}.Release|Any CPU.ActiveCfg = Release|Any CPU
		{B52C0B33-FDCE-4AD6-B0D3-AA29F1BDAF7C}.Release|Any CPU.Build.0 = Release|Any CPU
	EndGlobalSection
	GlobalSection(SolutionProperties) = preSolution
		HideSolutionNode = FALSE
	EndGlobalSection
	GlobalSection(ExtensibilityGlobals) = postSolution
		SolutionGuid = {6CACDE2B-F28A-4D02-889C-BDCCB74E98E9}
	EndGlobalSection
EndGlobal
